
Microsoft Visual Studio Solution File, Format Version 12.00
# Visual Studio Version 16
VisualStudioVersion = 16.0.30523.141
MinimumVisualStudioVersion = 10.0.40219.1
Project("{FAE04EC0-301F-11D3-BF4B-00C04F79EFBC}") = "30.03", "30.03\30.03.csproj", "{B4FB3FDE-D0B9-4EAB-945E-EB6FEFFD9C68}"
EndProject
Project("{FAE04EC0-301F-11D3-BF4B-00C04F79EFBC}") = "Storage", "Storage\Storage.csproj", "{8556C17D-396E-4A08-804E-E5E392F59867}"
EndProject
Project("{FAE04EC0-301F-11D3-BF4B-00C04F79EFBC}") = "Service", "Service\Service.csproj", "{15180F93-13C8-45AF-8F00-D1D3A8A8AF36}"
EndProject
Global
	GlobalSection(SolutionConfigurationPlatforms) = preSolution
		Debug|Any CPU = Debug|Any CPU
		Release|Any CPU = Release|Any CPU
	EndGlobalSection
	GlobalSection(ProjectConfigurationPlatforms) = postSolution
		{B4FB3FDE-D0B9-4EAB-945E-EB6FEFFD9C68}.Debug|Any CPU.ActiveCfg = Debug|Any CPU
		{B4FB3FDE-D0B9-4EAB-945E-EB6FEFFD9C68}.Debug|Any CPU.Build.0 = Debug|Any CPU
		{B4FB3FDE-D0B9-4EAB-945E-EB6FEFFD9C68}.Release|Any CPU.ActiveCfg = Release|Any CPU
		{B4FB3FDE-D0B9-4EAB-945E-EB6FEFFD9C68}.Release|Any CPU.Build.0 = Release|Any CPU
		{8556C17D-396E-4A08-804E-E5E392F59867}.Debug|Any CPU.ActiveCfg = Debug|Any CPU
		{8556C17D-396E-4A08-804E-E5E392F59867}.Debug|Any CPU.Build.0 = Debug|Any CPU
		{8556C17D-396E-4A08-804E-E5E392F59867}.Release|Any CPU.ActiveCfg = Release|Any CPU
		{8556C17D-396E-4A08-804E-E5E392F59867}.Release|Any CPU.Build.0 = Release|Any CPU
		{15180F93-13C8-45AF-8F00-D1D3A8A8AF36}.Debug|Any CPU.ActiveCfg = Debug|Any CPU
		{15180F93-13C8-45AF-8F00-D1D3A8A8AF36}.Debug|Any CPU.Build.0 = Debug|Any CPU
		{15180F93-13C8-45AF-8F00-D1D3A8A8AF36}.Release|Any CPU.ActiveCfg = Release|Any CPU
		{15180F93-13C8-45AF-8F00-D1D3A8A8AF36}.Release|Any CPU.Build.0 = Release|Any CPU
	EndGlobalSection
	GlobalSection(SolutionProperties) = preSolution
		HideSolutionNode = FALSE
	EndGlobalSection
	GlobalSection(ExtensibilityGlobals) = postSolution
		SolutionGuid = {5AD1E2B3-4857-4655-82F6-B65648A04712}
	EndGlobalSection
EndGlobal
